
Microsoft Visual Studio Solution File, Format Version 12.00
# Visual Studio Version 17
VisualStudioVersion = 17.8.34330.188
MinimumVisualStudioVersion = 10.0.40219.1
Project("{9A19103F-16F7-4668-BE54-9A1E7A4F7556}") = "SuporteArtSystem", "WinFormsApp1\SuporteArtSystem.csproj", "{11BCF741-AF80-4A6B-8BB3-8F00D4FECBD1}"
EndProject
Global
	GlobalSection(SolutionConfigurationPlatforms) = preSolution
		ArtsystemSuporteTs|Any CPU = ArtsystemSuporteTs|Any CPU
		Debug|Any CPU = Debug|Any CPU
		Release|Any CPU = Release|Any CPU
	EndGlobalSection
	GlobalSection(ProjectConfigurationPlatforms) = postSolution
		{11BCF741-AF80-4A6B-8BB3-8F00D4FECBD1}.ArtsystemSuporteTs|Any CPU.ActiveCfg = Release|Any CPU
		{11BCF741-AF80-4A6B-8BB3-8F00D4FECBD1}.ArtsystemSuporteTs|Any CPU.Build.0 = Release|Any CPU
		{11BCF741-AF80-4A6B-8BB3-8F00D4FECBD1}.Debug|Any CPU.ActiveCfg = Debug|Any CPU
		{11BCF741-AF80-4A6B-8BB3-8F00D4FECBD1}.Debug|Any CPU.Build.0 = Debug|Any CPU
		{11BCF741-AF80-4A6B-8BB3-8F00D4FECBD1}.Release|Any CPU.ActiveCfg = Release|Any CPU
		{11BCF741-AF80-4A6B-8BB3-8F00D4FECBD1}.Release|Any CPU.Build.0 = Release|Any CPU
	EndGlobalSection
	GlobalSection(SolutionProperties) = preSolution
		HideSolutionNode = FALSE
	EndGlobalSection
	GlobalSection(ExtensibilityGlobals) = postSolution
		SolutionGuid = {5D92B24B-C1F7-42F6-8A8C-2459708FADCC}
	EndGlobalSection
EndGlobal
